
Microsoft Visual Studio Solution File, Format Version 12.00
# Visual Studio Version 16
VisualStudioVersion = 16.0.29728.190
MinimumVisualStudioVersion = 10.0.40219.1
Project("{9A19103F-16F7-4668-BE54-9A1E7A4F7556}") = "InfoTrackerProject", "InfoTrackerProject.csproj", "{A204C5C9-A3D5-45C4-8D35-D651DDCCDD8E}"
EndProject
Project("{9A19103F-16F7-4668-BE54-9A1E7A4F7556}") = "InfoTrackerAPI", "..\InfoTrackerAPI\InfoTrackerAPI.csproj", "{AC37556A-DFFB-48E5-A1CC-D48086BC26B0}"
EndProject
Project("{2150E333-8FDC-42A3-9474-1A3956D46DE8}") = "Solution Items", "Solution Items", "{197FEA1E-ED4B-41F3-ABC0-D918279D7616}"
	ProjectSection(SolutionItems) = preProject
		README.txt = README.txt
	EndProjectSection
EndProject
Global
	GlobalSection(SolutionConfigurationPlatforms) = preSolution
		Debug|Any CPU = Debug|Any CPU
		Release|Any CPU = Release|Any CPU
	EndGlobalSection
	GlobalSection(ProjectConfigurationPlatforms) = postSolution
		{A204C5C9-A3D5-45C4-8D35-D651DDCCDD8E}.Debug|Any CPU.ActiveCfg = Debug|Any CPU
		{A204C5C9-A3D5-45C4-8D35-D651DDCCDD8E}.Debug|Any CPU.Build.0 = Debug|Any CPU
		{A204C5C9-A3D5-45C4-8D35-D651DDCCDD8E}.Release|Any CPU.ActiveCfg = Release|Any CPU
		{A204C5C9-A3D5-45C4-8D35-D651DDCCDD8E}.Release|Any CPU.Build.0 = Release|Any CPU
		{AC37556A-DFFB-48E5-A1CC-D48086BC26B0}.Debug|Any CPU.ActiveCfg = Debug|Any CPU
		{AC37556A-DFFB-48E5-A1CC-D48086BC26B0}.Debug|Any CPU.Build.0 = Debug|Any CPU
		{AC37556A-DFFB-48E5-A1CC-D48086BC26B0}.Release|Any CPU.ActiveCfg = Release|Any CPU
		{AC37556A-DFFB-48E5-A1CC-D48086BC26B0}.Release|Any CPU.Build.0 = Release|Any CPU
	EndGlobalSection
	GlobalSection(SolutionProperties) = preSolution
		HideSolutionNode = FALSE
	EndGlobalSection
	GlobalSection(ExtensibilityGlobals) = postSolution
		SolutionGuid = {2206BFA1-3CDE-44EB-BF11-3448299F5205}
	EndGlobalSection
EndGlobal
